
Microsoft Visual Studio Solution File, Format Version 12.00
# Visual Studio 15
VisualStudioVersion = 15.0.27703.2000
MinimumVisualStudioVersion = 10.0.40219.1
Project("{9A19103F-16F7-4668-BE54-9A1E7A4F7556}") = "ExemploSobrecargaIn", "ExemploSobrecargaIn\ExemploSobrecargaIn.csproj", "{9B7FF709-41E3-4443-9928-9E8ED2EED26D}"
EndProject
Project("{FAE04EC0-301F-11D3-BF4B-00C04F79EFBC}") = "ExemploOut", "ExemploOut\ExemploOut.csproj", "{EF2295A1-2B7F-4640-9AA1-34BBD195DF36}"
EndProject
Global
	GlobalSection(SolutionConfigurationPlatforms) = preSolution
		Debug|Any CPU = Debug|Any CPU
		Release|Any CPU = Release|Any CPU
	EndGlobalSection
	GlobalSection(ProjectConfigurationPlatforms) = postSolution
		{9B7FF709-41E3-4443-9928-9E8ED2EED26D}.Debug|Any CPU.ActiveCfg = Debug|Any CPU
		{9B7FF709-41E3-4443-9928-9E8ED2EED26D}.Debug|Any CPU.Build.0 = Debug|Any CPU
		{9B7FF709-41E3-4443-9928-9E8ED2EED26D}.Release|Any CPU.ActiveCfg = Release|Any CPU
		{9B7FF709-41E3-4443-9928-9E8ED2EED26D}.Release|Any CPU.Build.0 = Release|Any CPU
		{EF2295A1-2B7F-4640-9AA1-34BBD195DF36}.Debug|Any CPU.ActiveCfg = Debug|Any CPU
		{EF2295A1-2B7F-4640-9AA1-34BBD195DF36}.Debug|Any CPU.Build.0 = Debug|Any CPU
		{EF2295A1-2B7F-4640-9AA1-34BBD195DF36}.Release|Any CPU.ActiveCfg = Release|Any CPU
		{EF2295A1-2B7F-4640-9AA1-34BBD195DF36}.Release|Any CPU.Build.0 = Release|Any CPU
	EndGlobalSection
	GlobalSection(SolutionProperties) = preSolution
		HideSolutionNode = FALSE
	EndGlobalSection
	GlobalSection(ExtensibilityGlobals) = postSolution
		SolutionGuid = {2314791A-EFB3-4D23-BB46-FB6F49D4EEE3}
	EndGlobalSection
EndGlobal
